
Microsoft Visual Studio Solution File, Format Version 12.00
# Visual Studio Version 16
VisualStudioVersion = 16.0.29911.84
MinimumVisualStudioVersion = 10.0.40219.1
Project("{FAE04EC0-301F-11D3-BF4B-00C04F79EFBC}") = "game", "game\game.csproj", "{D451F986-7BEC-49FF-822A-1D40A228632F}"
EndProject
Project("{FAE04EC0-301F-11D3-BF4B-00C04F79EFBC}") = "Gwen.Renderer.SFML", "..\GwenCS\Gwen.Renderer.SFML\Gwen.Renderer.SFML.csproj", "{D97B4F91-9FC8-46E0-A511-68D006662051}"
EndProject
Project("{FAE04EC0-301F-11D3-BF4B-00C04F79EFBC}") = "Gwen", "..\GwenCS\Gwen\Gwen.csproj", "{ADDA2F43-96C0-497F-8216-29C67ABC9806}"
EndProject
Global
	GlobalSection(SolutionConfigurationPlatforms) = preSolution
		Debug|Any CPU = Debug|Any CPU
		Debug|x86 = Debug|x86
		Release|Any CPU = Release|Any CPU
		Release|x86 = Release|x86
	EndGlobalSection
	GlobalSection(ProjectConfigurationPlatforms) = postSolution
		{D451F986-7BEC-49FF-822A-1D40A228632F}.Debug|Any CPU.ActiveCfg = Debug|x86
		{D451F986-7BEC-49FF-822A-1D40A228632F}.Debug|Any CPU.Build.0 = Debug|x86
		{D451F986-7BEC-49FF-822A-1D40A228632F}.Debug|x86.ActiveCfg = Debug|x86
		{D451F986-7BEC-49FF-822A-1D40A228632F}.Debug|x86.Build.0 = Debug|x86
		{D451F986-7BEC-49FF-822A-1D40A228632F}.Release|Any CPU.ActiveCfg = Release|x86
		{D451F986-7BEC-49FF-822A-1D40A228632F}.Release|x86.ActiveCfg = Release|x86
		{D451F986-7BEC-49FF-822A-1D40A228632F}.Release|x86.Build.0 = Release|x86
		{D97B4F91-9FC8-46E0-A511-68D006662051}.Debug|Any CPU.ActiveCfg = Debug|x86
		{D97B4F91-9FC8-46E0-A511-68D006662051}.Debug|x86.ActiveCfg = Debug|x86
		{D97B4F91-9FC8-46E0-A511-68D006662051}.Debug|x86.Build.0 = Debug|x86
		{D97B4F91-9FC8-46E0-A511-68D006662051}.Release|Any CPU.ActiveCfg = Release|x86
		{D97B4F91-9FC8-46E0-A511-68D006662051}.Release|x86.ActiveCfg = Release|x86
		{D97B4F91-9FC8-46E0-A511-68D006662051}.Release|x86.Build.0 = Release|x86
		{ADDA2F43-96C0-497F-8216-29C67ABC9806}.Debug|Any CPU.ActiveCfg = Debug|x86
		{ADDA2F43-96C0-497F-8216-29C67ABC9806}.Debug|x86.ActiveCfg = Debug|x86
		{ADDA2F43-96C0-497F-8216-29C67ABC9806}.Debug|x86.Build.0 = Debug|x86
		{ADDA2F43-96C0-497F-8216-29C67ABC9806}.Release|Any CPU.ActiveCfg = Release|x86
		{ADDA2F43-96C0-497F-8216-29C67ABC9806}.Release|x86.ActiveCfg = Release|x86
		{ADDA2F43-96C0-497F-8216-29C67ABC9806}.Release|x86.Build.0 = Release|x86
	EndGlobalSection
	GlobalSection(SolutionProperties) = preSolution
		HideSolutionNode = FALSE
	EndGlobalSection
	GlobalSection(ExtensibilityGlobals) = postSolution
		SolutionGuid = {CD81E348-3197-4458-A06D-DE0317906ED2}
	EndGlobalSection
EndGlobal
